
Microsoft Visual Studio Solution File, Format Version 12.00
# Visual Studio Version 17
VisualStudioVersion = 17.0.32112.339
MinimumVisualStudioVersion = 10.0.40219.1
Project("{8BC9CEB8-8B4A-11D0-8D11-00A0C91BC942}") = "practicefall23", "practicefall23.vcxproj", "{F8DE8A7B-671A-4078-8410-852C12650EF1}"
EndProject
Global
	GlobalSection(SolutionConfigurationPlatforms) = preSolution
		Debug|x64 = Debug|x64
		Debug|x86 = Debug|x86
		Release|x64 = Release|x64
		Release|x86 = Release|x86
	EndGlobalSection
	GlobalSection(ProjectConfigurationPlatforms) = postSolution
		{F8DE8A7B-671A-4078-8410-852C12650EF1}.Debug|x64.ActiveCfg = Debug|x64
		{F8DE8A7B-671A-4078-8410-852C12650EF1}.Debug|x64.Build.0 = Debug|x64
		{F8DE8A7B-671A-4078-8410-852C12650EF1}.Debug|x86.ActiveCfg = Debug|Win32
		{F8DE8A7B-671A-4078-8410-852C12650EF1}.Debug|x86.Build.0 = Debug|Win32
		{F8DE8A7B-671A-4078-8410-852C12650EF1}.Release|x64.ActiveCfg = Release|x64
		{F8DE8A7B-671A-4078-8410-852C12650EF1}.Release|x64.Build.0 = Release|x64
		{F8DE8A7B-671A-4078-8410-852C12650EF1}.Release|x86.ActiveCfg = Release|Win32
		{F8DE8A7B-671A-4078-8410-852C12650EF1}.Release|x86.Build.0 = Release|Win32
	EndGlobalSection
	GlobalSection(SolutionProperties) = preSolution
		HideSolutionNode = FALSE
	EndGlobalSection
	GlobalSection(ExtensibilityGlobals) = postSolution
		SolutionGuid = {9E3625E3-56B4-4321-9EB7-876B91DB91A6}
	EndGlobalSection
EndGlobal
